
Microsoft Visual Studio Solution File, Format Version 12.00
# Visual Studio 15
VisualStudioVersion = 15.0.27703.2000
MinimumVisualStudioVersion = 10.0.40219.1
Project("{FAE04EC0-301F-11D3-BF4B-00C04F79EFBC}") = "EyetrackerExperimentManager", "EyetrackerExperiment\EyetrackerExperimentManager.csproj", "{3251F82C-6AC6-40FC-8990-CD8676CC4FC5}"
EndProject
Project("{FAE04EC0-301F-11D3-BF4B-00C04F79EFBC}") = "EyeTracking", "EyeTracking\EyeTracking.csproj", "{4C99B08B-47D1-4684-9A97-CDF5BF930C99}"
EndProject
Project("{FAE04EC0-301F-11D3-BF4B-00C04F79EFBC}") = "Data", "Data\Data.csproj", "{233CB9ED-8651-4D59-8498-3126EDE35385}"
EndProject
Global
	GlobalSection(SolutionConfigurationPlatforms) = preSolution
		Debug|Any CPU = Debug|Any CPU
		Debug|x64 = Debug|x64
		Release|Any CPU = Release|Any CPU
		Release|x64 = Release|x64
	EndGlobalSection
	GlobalSection(ProjectConfigurationPlatforms) = postSolution
		{3251F82C-6AC6-40FC-8990-CD8676CC4FC5}.Debug|Any CPU.ActiveCfg = Debug|Any CPU
		{3251F82C-6AC6-40FC-8990-CD8676CC4FC5}.Debug|Any CPU.Build.0 = Debug|Any CPU
		{3251F82C-6AC6-40FC-8990-CD8676CC4FC5}.Debug|x64.ActiveCfg = Debug|Any CPU
		{3251F82C-6AC6-40FC-8990-CD8676CC4FC5}.Debug|x64.Build.0 = Debug|Any CPU
		{3251F82C-6AC6-40FC-8990-CD8676CC4FC5}.Release|Any CPU.ActiveCfg = Release|Any CPU
		{3251F82C-6AC6-40FC-8990-CD8676CC4FC5}.Release|Any CPU.Build.0 = Release|Any CPU
		{3251F82C-6AC6-40FC-8990-CD8676CC4FC5}.Release|x64.ActiveCfg = Release|Any CPU
		{3251F82C-6AC6-40FC-8990-CD8676CC4FC5}.Release|x64.Build.0 = Release|Any CPU
		{4C99B08B-47D1-4684-9A97-CDF5BF930C99}.Debug|Any CPU.ActiveCfg = Debug|Any CPU
		{4C99B08B-47D1-4684-9A97-CDF5BF930C99}.Debug|Any CPU.Build.0 = Debug|Any CPU
		{4C99B08B-47D1-4684-9A97-CDF5BF930C99}.Debug|x64.ActiveCfg = Debug|x64
		{4C99B08B-47D1-4684-9A97-CDF5BF930C99}.Debug|x64.Build.0 = Debug|x64
		{4C99B08B-47D1-4684-9A97-CDF5BF930C99}.Release|Any CPU.ActiveCfg = Release|Any CPU
		{4C99B08B-47D1-4684-9A97-CDF5BF930C99}.Release|Any CPU.Build.0 = Release|Any CPU
		{4C99B08B-47D1-4684-9A97-CDF5BF930C99}.Release|x64.ActiveCfg = Release|x64
		{4C99B08B-47D1-4684-9A97-CDF5BF930C99}.Release|x64.Build.0 = Release|x64
		{233CB9ED-8651-4D59-8498-3126EDE35385}.Debug|Any CPU.ActiveCfg = Debug|Any CPU
		{233CB9ED-8651-4D59-8498-3126EDE35385}.Debug|Any CPU.Build.0 = Debug|Any CPU
		{233CB9ED-8651-4D59-8498-3126EDE35385}.Debug|x64.ActiveCfg = Debug|Any CPU
		{233CB9ED-8651-4D59-8498-3126EDE35385}.Debug|x64.Build.0 = Debug|Any CPU
		{233CB9ED-8651-4D59-8498-3126EDE35385}.Release|Any CPU.ActiveCfg = Release|Any CPU
		{233CB9ED-8651-4D59-8498-3126EDE35385}.Release|Any CPU.Build.0 = Release|Any CPU
		{233CB9ED-8651-4D59-8498-3126EDE35385}.Release|x64.ActiveCfg = Release|Any CPU
		{233CB9ED-8651-4D59-8498-3126EDE35385}.Release|x64.Build.0 = Release|Any CPU
	EndGlobalSection
	GlobalSection(SolutionProperties) = preSolution
		HideSolutionNode = FALSE
	EndGlobalSection
	GlobalSection(ExtensibilityGlobals) = postSolution
		SolutionGuid = {3FCEFD44-7FC1-46E4-A00A-93F1AF8BCC71}
	EndGlobalSection
EndGlobal
